// !$*UTF8*$!
{
	archiveVersion = 1;
	classes = {
	};
	objectVersion = 50;
	objects = {

/* Begin PBXBuildFile section */
		94EC5A7E22058A1400905893 /* AppDelegate.swift in Sources */ = {isa = PBXBuildFile; fileRef = 94EC5A7D22058A1400905893 /* AppDelegate.swift */; };
		94EC5A8022058A1400905893 /* UsersTableViewController.swift in Sources */ = {isa = PBXBuildFile; fileRef = 94EC5A7F22058A1400905893 /* UsersTableViewController.swift */; };
		94EC5A8522058A1600905893 /* Assets.xcassets in Resources */ = {isa = PBXBuildFile; fileRef = 94EC5A8422058A1600905893 /* Assets.xcassets */; };
		94EC5A8822058A1600905893 /* LaunchScreen.storyboard in Resources */ = {isa = PBXBuildFile; fileRef = 94EC5A8622058A1600905893 /* LaunchScreen.storyboard */; };
		94EC5A9122058F1400905893 /* Model.swift in Sources */ = {isa = PBXBuildFile; fileRef = 94EC5A9022058F1400905893 /* Model.swift */; };
		94EC5A952205970B00905893 /* Constants.swift in Sources */ = {isa = PBXBuildFile; fileRef = 94EC5A942205970B00905893 /* Constants.swift */; };
		94EC5A992205AE0000905893 /* UsersTableViewController+UITableView.swift in Sources */ = {isa = PBXBuildFile; fileRef = 94EC5A982205AE0000905893 /* UsersTableViewController+UITableView.swift */; };
		94EC5A9B2205AEEA00905893 /* UsersTableView.storyboard in Resources */ = {isa = PBXBuildFile; fileRef = 94EC5A9A2205AEEA00905893 /* UsersTableView.storyboard */; };
		94EC5AA02205B08A00905893 /* UsersTableViewCell.swift in Sources */ = {isa = PBXBuildFile; fileRef = 94EC5A9E2205B08A00905893 /* UsersTableViewCell.swift */; };
		94EC5AA32205B60A00905893 /* DBManager.swift in Sources */ = {isa = PBXBuildFile; fileRef = 94EC5AA22205B60A00905893 /* DBManager.swift */; };
		94EC5AA72205C2A400905893 /* UserDetailViewController.swift in Sources */ = {isa = PBXBuildFile; fileRef = 94EC5AA62205C2A400905893 /* UserDetailViewController.swift */; };
		94EC5AAA2205C50A00905893 /* UserDetailView.storyboard in Resources */ = {isa = PBXBuildFile; fileRef = 94EC5AA92205C50A00905893 /* UserDetailView.storyboard */; };
		94EC5AAC22064F9C00905893 /* UtilExtensions.swift in Sources */ = {isa = PBXBuildFile; fileRef = 94EC5AAB22064F9C00905893 /* UtilExtensions.swift */; };
		94EC5AC422066ED800905893 /* RandomCoAppUITests.swift in Sources */ = {isa = PBXBuildFile; fileRef = 94EC5AC322066ED800905893 /* RandomCoAppUITests.swift */; };
		94EC5ACF22070A1400905893 /* FavouriteUsersViewController.swift in Sources */ = {isa = PBXBuildFile; fileRef = 94EC5ACE22070A1400905893 /* FavouriteUsersViewController.swift */; };
		94EC5AD222070BAE00905893 /* FavouriteUsersView.storyboard in Resources */ = {isa = PBXBuildFile; fileRef = 94EC5AD122070BAE00905893 /* FavouriteUsersView.storyboard */; };
		94EC5AD42207174900905893 /* UsersTableViewCell.xib in Resources */ = {isa = PBXBuildFile; fileRef = 94EC5AD32207174900905893 /* UsersTableViewCell.xib */; };
		9BF7E5A90E6BA32AA01121F0 /* Pods_RandomCoApp.framework in Frameworks */ = {isa = PBXBuildFile; fileRef = 0A39629F08A412E46C89B7B1 /* Pods_RandomCoApp.framework */; };
/* End PBXBuildFile section */

/* Begin PBXContainerItemProxy section */
		94EC5AC622066ED800905893 /* PBXContainerItemProxy */ = {
			isa = PBXContainerItemProxy;
			containerPortal = 94EC5A7222058A1400905893 /* Project object */;
			proxyType = 1;
			remoteGlobalIDString = 94EC5A7922058A1400905893;
			remoteInfo = RandomCoApp;
		};
/* End PBXContainerItemProxy section */

/* Begin PBXFileReference section */
		0A39629F08A412E46C89B7B1 /* Pods_RandomCoApp.framework */ = {isa = PBXFileReference; explicitFileType = wrapper.framework; includeInIndex = 0; path = Pods_RandomCoApp.framework; sourceTree = BUILT_PRODUCTS_DIR; };
		94EC5A7A22058A1400905893 /* RandomCoApp.app */ = {isa = PBXFileReference; explicitFileType = wrapper.application; includeInIndex = 0; path = RandomCoApp.app; sourceTree = BUILT_PRODUCTS_DIR; };
		94EC5A7D22058A1400905893 /* AppDelegate.swift */ = {isa = PBXFileReference; lastKnownFileType = sourcecode.swift; path = AppDelegate.swift; sourceTree = "<group>"; };
		94EC5A7F22058A1400905893 /* UsersTableViewController.swift */ = {isa = PBXFileReference; lastKnownFileType = sourcecode.swift; path = UsersTableViewController.swift; sourceTree = "<group>"; };
		94EC5A8422058A1600905893 /* Assets.xcassets */ = {isa = PBXFileReference; lastKnownFileType = folder.assetcatalog; path = Assets.xcassets; sourceTree = "<group>"; };
		94EC5A8722058A1600905893 /* Base */ = {isa = PBXFileReference; lastKnownFileType = file.storyboard; name = Base; path = Base.lproj/LaunchScreen.storyboard; sourceTree = "<group>"; };
		94EC5A8922058A1600905893 /* Info.plist */ = {isa = PBXFileReference; lastKnownFileType = text.plist.xml; path = Info.plist; sourceTree = "<group>"; };
		94EC5A9022058F1400905893 /* Model.swift */ = {isa = PBXFileReference; lastKnownFileType = sourcecode.swift; path = Model.swift; sourceTree = "<group>"; };
		94EC5A942205970B00905893 /* Constants.swift */ = {isa = PBXFileReference; lastKnownFileType = sourcecode.swift; path = Constants.swift; sourceTree = "<group>"; };
		94EC5A982205AE0000905893 /* UsersTableViewController+UITableView.swift */ = {isa = PBXFileReference; lastKnownFileType = sourcecode.swift; path = "UsersTableViewController+UITableView.swift"; sourceTree = "<group>"; };
		94EC5A9A2205AEEA00905893 /* UsersTableView.storyboard */ = {isa = PBXFileReference; lastKnownFileType = file.storyboard; path = UsersTableView.storyboard; sourceTree = "<group>"; };
		94EC5A9E2205B08A00905893 /* UsersTableViewCell.swift */ = {isa = PBXFileReference; lastKnownFileType = sourcecode.swift; path = UsersTableViewCell.swift; sourceTree = "<group>"; };
		94EC5AA22205B60A00905893 /* DBManager.swift */ = {isa = PBXFileReference; lastKnownFileType = sourcecode.swift; path = DBManager.swift; sourceTree = "<group>"; };
		94EC5AA62205C2A400905893 /* UserDetailViewController.swift */ = {isa = PBXFileReference; lastKnownFileType = sourcecode.swift; path = UserDetailViewController.swift; sourceTree = "<group>"; };
		94EC5AA92205C50A00905893 /* UserDetailView.storyboard */ = {isa = PBXFileReference; lastKnownFileType = file.storyboard; path = UserDetailView.storyboard; sourceTree = "<group>"; };
		94EC5AAB22064F9C00905893 /* UtilExtensions.swift */ = {isa = PBXFileReference; lastKnownFileType = sourcecode.swift; path = UtilExtensions.swift; sourceTree = "<group>"; };
		94EC5AC122066ED800905893 /* RandomCoAppUITests.xctest */ = {isa = PBXFileReference; explicitFileType = wrapper.cfbundle; includeInIndex = 0; path = RandomCoAppUITests.xctest; sourceTree = BUILT_PRODUCTS_DIR; };
		94EC5AC322066ED800905893 /* RandomCoAppUITests.swift */ = {isa = PBXFileReference; lastKnownFileType = sourcecode.swift; path = RandomCoAppUITests.swift; sourceTree = "<group>"; };
		94EC5AC522066ED800905893 /* Info.plist */ = {isa = PBXFileReference; lastKnownFileType = text.plist.xml; path = Info.plist; sourceTree = "<group>"; };
		94EC5ACE22070A1400905893 /* FavouriteUsersViewController.swift */ = {isa = PBXFileReference; lastKnownFileType = sourcecode.swift; path = FavouriteUsersViewController.swift; sourceTree = "<group>"; };
		94EC5AD122070BAE00905893 /* FavouriteUsersView.storyboard */ = {isa = PBXFileReference; lastKnownFileType = file.storyboard; path = FavouriteUsersView.storyboard; sourceTree = "<group>"; };
		94EC5AD32207174900905893 /* UsersTableViewCell.xib */ = {isa = PBXFileReference; lastKnownFileType = file.xib; path = UsersTableViewCell.xib; sourceTree = "<group>"; };
		9D6923FAECCAFD3E85C2C608 /* Pods-RandomCoApp.release.xcconfig */ = {isa = PBXFileReference; includeInIndex = 1; lastKnownFileType = text.xcconfig; name = "Pods-RandomCoApp.release.xcconfig"; path = "Pods/Target Support Files/Pods-RandomCoApp/Pods-RandomCoApp.release.xcconfig"; sourceTree = "<group>"; };
		AED128EFCC70859C2B0C2DE6 /* Pods-RandomCoApp.debug.xcconfig */ = {isa = PBXFileReference; includeInIndex = 1; lastKnownFileType = text.xcconfig; name = "Pods-RandomCoApp.debug.xcconfig"; path = "Pods/Target Support Files/Pods-RandomCoApp/Pods-RandomCoApp.debug.xcconfig"; sourceTree = "<group>"; };
/* End PBXFileReference section */

/* Begin PBXFrameworksBuildPhase section */
		94EC5A7722058A1400905893 /* Frameworks */ = {
			isa = PBXFrameworksBuildPhase;
			buildActionMask = 2147483647;
			files = (
				9BF7E5A90E6BA32AA01121F0 /* Pods_RandomCoApp.framework in Frameworks */,
			);
			runOnlyForDeploymentPostprocessing = 0;
		};
		94EC5ABE22066ED800905893 /* Frameworks */ = {
			isa = PBXFrameworksBuildPhase;
			buildActionMask = 2147483647;
			files = (
			);
			runOnlyForDeploymentPostprocessing = 0;
		};
/* End PBXFrameworksBuildPhase section */

/* Begin PBXGroup section */
		94EC5A7122058A1400905893 = {
			isa = PBXGroup;
			children = (
				94EC5A7C22058A1400905893 /* RandomCoApp */,
				94EC5AC222066ED800905893 /* RandomCoAppUITests */,
				94EC5A7B22058A1400905893 /* Products */,
				F390510BC9E16A1C8EDEC4B7 /* Pods */,
				CB3CFBDC72276D44E155CAD8 /* Frameworks */,
			);
			sourceTree = "<group>";
		};
		94EC5A7B22058A1400905893 /* Products */ = {
			isa = PBXGroup;
			children = (
				94EC5A7A22058A1400905893 /* RandomCoApp.app */,
				94EC5AC122066ED800905893 /* RandomCoAppUITests.xctest */,
			);
			name = Products;
			sourceTree = "<group>";
		};
		94EC5A7C22058A1400905893 /* RandomCoApp */ = {
			isa = PBXGroup;
			children = (
				94EC5A7D22058A1400905893 /* AppDelegate.swift */,
				94EC5A942205970B00905893 /* Constants.swift */,
				94EC5AAB22064F9C00905893 /* UtilExtensions.swift */,
				94EC5A8622058A1600905893 /* LaunchScreen.storyboard */,
				94EC5A93220596EB00905893 /* Views */,
				94EC5A92220596D300905893 /* Controllers */,
				94EC5A8F22058C8700905893 /* Model */,
				94EC5A8422058A1600905893 /* Assets.xcassets */,
				94EC5A8922058A1600905893 /* Info.plist */,
			);
			path = RandomCoApp;
			sourceTree = "<group>";
		};
		94EC5A8F22058C8700905893 /* Model */ = {
			isa = PBXGroup;
			children = (
				94EC5A9022058F1400905893 /* Model.swift */,
				94EC5AA22205B60A00905893 /* DBManager.swift */,
			);
			path = Model;
			sourceTree = "<group>";
		};
		94EC5A92220596D300905893 /* Controllers */ = {
			isa = PBXGroup;
			children = (
				94EC5ACD220709F900905893 /* FavouriteUsersView */,
				94EC5AA52205C28C00905893 /* UserDetail */,
				94EC5AA42205C27900905893 /* UsersTableView */,
			);
			path = Controllers;
			sourceTree = "<group>";
		};
		94EC5A93220596EB00905893 /* Views */ = {
			isa = PBXGroup;
			children = (
				94EC5AD022070B9000905893 /* FavouriteUsersView */,
				94EC5AA82205C4EE00905893 /* UserDetailView */,
				94EC5A9D2205AF9A00905893 /* UsersTableViewCell */,
				94EC5A9C2205AF4100905893 /* UsersTableView */,
			);
			path = Views;
			sourceTree = "<group>";
		};
		94EC5A9C2205AF4100905893 /* UsersTableView */ = {
			isa = PBXGroup;
			children = (
				94EC5A9A2205AEEA00905893 /* UsersTableView.storyboard */,
			);
			path = UsersTableView;
			sourceTree = "<group>";
		};
		94EC5A9D2205AF9A00905893 /* UsersTableViewCell */ = {
			isa = PBXGroup;
			children = (
				94EC5A9E2205B08A00905893 /* UsersTableViewCell.swift */,
				94EC5AD32207174900905893 /* UsersTableViewCell.xib */,
			);
			path = UsersTableViewCell;
			sourceTree = "<group>";
		};
		94EC5AA42205C27900905893 /* UsersTableView */ = {
			isa = PBXGroup;
			children = (
				94EC5A7F22058A1400905893 /* UsersTableViewController.swift */,
				94EC5A982205AE0000905893 /* UsersTableViewController+UITableView.swift */,
			);
			path = UsersTableView;
			sourceTree = "<group>";
		};
		94EC5AA52205C28C00905893 /* UserDetail */ = {
			isa = PBXGroup;
			children = (
				94EC5AA62205C2A400905893 /* UserDetailViewController.swift */,
			);
			path = UserDetail;
			sourceTree = "<group>";
		};
		94EC5AA82205C4EE00905893 /* UserDetailView */ = {
			isa = PBXGroup;
			children = (
				94EC5AA92205C50A00905893 /* UserDetailView.storyboard */,
			);
			path = UserDetailView;
			sourceTree = "<group>";
		};
		94EC5AC222066ED800905893 /* RandomCoAppUITests */ = {
			isa = PBXGroup;
			children = (
				94EC5AC322066ED800905893 /* RandomCoAppUITests.swift */,
				94EC5AC522066ED800905893 /* Info.plist */,
			);
			path = RandomCoAppUITests;
			sourceTree = "<group>";
		};
		94EC5ACD220709F900905893 /* FavouriteUsersView */ = {
			isa = PBXGroup;
			children = (
				94EC5ACE22070A1400905893 /* FavouriteUsersViewController.swift */,
			);
			path = FavouriteUsersView;
			sourceTree = "<group>";
		};
		94EC5AD022070B9000905893 /* FavouriteUsersView */ = {
			isa = PBXGroup;
			children = (
				94EC5AD122070BAE00905893 /* FavouriteUsersView.storyboard */,
			);
			path = FavouriteUsersView;
			sourceTree = "<group>";
		};
		CB3CFBDC72276D44E155CAD8 /* Frameworks */ = {
			isa = PBXGroup;
			children = (
				0A39629F08A412E46C89B7B1 /* Pods_RandomCoApp.framework */,
			);
			name = Frameworks;
			sourceTree = "<group>";
		};
		F390510BC9E16A1C8EDEC4B7 /* Pods */ = {
			isa = PBXGroup;
			children = (
				AED128EFCC70859C2B0C2DE6 /* Pods-RandomCoApp.debug.xcconfig */,
				9D6923FAECCAFD3E85C2C608 /* Pods-RandomCoApp.release.xcconfig */,
			);
			name = Pods;
			sourceTree = "<group>";
		};
/* End PBXGroup section */

/* Begin PBXNativeTarget section */
		94EC5A7922058A1400905893 /* RandomCoApp */ = {
			isa = PBXNativeTarget;
			buildConfigurationList = 94EC5A8C22058A1600905893 /* Build configuration list for PBXNativeTarget "RandomCoApp" */;
			buildPhases = (
				1C4C8D2CB82C607EBB0EDAC1 /* [CP] Check Pods Manifest.lock */,
				94EC5A7622058A1400905893 /* Sources */,
				94EC5A7722058A1400905893 /* Frameworks */,
				94EC5A7822058A1400905893 /* Resources */,
				D6EECB9B4329AF413E88063D /* [CP] Embed Pods Frameworks */,
			);
			buildRules = (
			);
			dependencies = (
			);
			name = RandomCoApp;
			productName = RandomCoApp;
			productReference = 94EC5A7A22058A1400905893 /* RandomCoApp.app */;
			productType = "com.apple.product-type.application";
		};
		94EC5AC022066ED800905893 /* RandomCoAppUITests */ = {
			isa = PBXNativeTarget;
			buildConfigurationList = 94EC5AC822066ED800905893 /* Build configuration list for PBXNativeTarget "RandomCoAppUITests" */;
			buildPhases = (
				94EC5ABD22066ED800905893 /* Sources */,
				94EC5ABE22066ED800905893 /* Frameworks */,
				94EC5ABF22066ED800905893 /* Resources */,
			);
			buildRules = (
			);
			dependencies = (
				94EC5AC722066ED800905893 /* PBXTargetDependency */,
			);
			name = RandomCoAppUITests;
			productName = RandomCoAppUITests;
			productReference = 94EC5AC122066ED800905893 /* RandomCoAppUITests.xctest */;
			productType = "com.apple.product-type.bundle.ui-testing";
		};
/* End PBXNativeTarget section */

/* Begin PBXProject section */
		94EC5A7222058A1400905893 /* Project object */ = {
			isa = PBXProject;
			attributes = {
				LastSwiftUpdateCheck = 1010;
				LastUpgradeCheck = 1010;
				ORGANIZATIONNAME = "Francisco Lucena de Juan";
				TargetAttributes = {
					94EC5A7922058A1400905893 = {
						CreatedOnToolsVersion = 10.1;
					};
					94EC5AC022066ED800905893 = {
						CreatedOnToolsVersion = 10.1;
						TestTargetID = 94EC5A7922058A1400905893;
					};
				};
			};
			buildConfigurationList = 94EC5A7522058A1400905893 /* Build configuration list for PBXProject "RandomCoApp" */;
			compatibilityVersion = "Xcode 9.3";
			developmentRegion = en;
			hasScannedForEncodings = 0;
			knownRegions = (
				en,
				Base,
			);
			mainGroup = 94EC5A7122058A1400905893;
			productRefGroup = 94EC5A7B22058A1400905893 /* Products */;
			projectDirPath = "";
			projectRoot = "";
			targets = (
				94EC5A7922058A1400905893 /* RandomCoApp */,
				94EC5AC022066ED800905893 /* RandomCoAppUITests */,
			);
		};
/* End PBXProject section */

/* Begin PBXResourcesBuildPhase section */
		94EC5A7822058A1400905893 /* Resources */ = {
			isa = PBXResourcesBuildPhase;
			buildActionMask = 2147483647;
			files = (
				94EC5AD222070BAE00905893 /* FavouriteUsersView.storyboard in Resources */,
				94EC5A8822058A1600905893 /* LaunchScreen.storyboard in Resources */,
				94EC5AD42207174900905893 /* UsersTableViewCell.xib in Resources */,
				94EC5AAA2205C50A00905893 /* UserDetailView.storyboard in Resources */,
				94EC5A9B2205AEEA00905893 /* UsersTableView.storyboard in Resources */,
				94EC5A8522058A1600905893 /* Assets.xcassets in Resources */,
			);
			runOnlyForDeploymentPostprocessing = 0;
		};
		94EC5ABF22066ED800905893 /* Resources */ = {
			isa = PBXResourcesBuildPhase;
			buildActionMask = 2147483647;
			files = (
			);
			runOnlyForDeploymentPostprocessing = 0;
		};
/* End PBXResourcesBuildPhase section */

/* Begin PBXShellScriptBuildPhase section */
		1C4C8D2CB82C607EBB0EDAC1 /* [CP] Check Pods Manifest.lock */ = {
			isa = PBXShellScriptBuildPhase;
			buildActionMask = 2147483647;
			files = (
			);
			inputFileListPaths = (
			);
			inputPaths = (
				"${PODS_PODFILE_DIR_PATH}/Podfile.lock",
				"${PODS_ROOT}/Manifest.lock",
			);
			name = "[CP] Check Pods Manifest.lock";
			outputFileListPaths = (
			);
			outputPaths = (
				"$(DERIVED_FILE_DIR)/Pods-RandomCoApp-checkManifestLockResult.txt",
			);
			runOnlyForDeploymentPostprocessing = 0;
			shellPath = /bin/sh;
			shellScript = "diff \"${PODS_PODFILE_DIR_PATH}/Podfile.lock\" \"${PODS_ROOT}/Manifest.lock\" > /dev/null\nif [ $? != 0 ] ; then\n    # print error to STDERR\n    echo \"error: The sandbox is not in sync with the Podfile.lock. Run 'pod install' or update your CocoaPods installation.\" >&2\n    exit 1\nfi\n# This output is used by Xcode 'outputs' to avoid re-running this script phase.\necho \"SUCCESS\" > \"${SCRIPT_OUTPUT_FILE_0}\"\n";
			showEnvVarsInLog = 0;
		};
		D6EECB9B4329AF413E88063D /* [CP] Embed Pods Frameworks */ = {
			isa = PBXShellScriptBuildPhase;
			buildActionMask = 2147483647;
			files = (
			);
			inputFileListPaths = (
			);
			inputPaths = (
				"${SRCROOT}/Pods/Target Support Files/Pods-RandomCoApp/Pods-RandomCoApp-frameworks.sh",
				"${BUILT_PRODUCTS_DIR}/Alamofire/Alamofire.framework",
				"${BUILT_PRODUCTS_DIR}/AlamofireObjectMapper/AlamofireObjectMapper.framework",
				"${BUILT_PRODUCTS_DIR}/ObjectMapper/ObjectMapper.framework",
				"${BUILT_PRODUCTS_DIR}/Realm/Realm.framework",
				"${BUILT_PRODUCTS_DIR}/RealmSwift/RealmSwift.framework",
				"${BUILT_PRODUCTS_DIR}/SDWebImage/SDWebImage.framework",
			);
			name = "[CP] Embed Pods Frameworks";
			outputFileListPaths = (
			);
			outputPaths = (
				"${TARGET_BUILD_DIR}/${FRAMEWORKS_FOLDER_PATH}/Alamofire.framework",
				"${TARGET_BUILD_DIR}/${FRAMEWORKS_FOLDER_PATH}/AlamofireObjectMapper.framework",
				"${TARGET_BUILD_DIR}/${FRAMEWORKS_FOLDER_PATH}/ObjectMapper.framework",
				"${TARGET_BUILD_DIR}/${FRAMEWORKS_FOLDER_PATH}/Realm.framework",
				"${TARGET_BUILD_DIR}/${FRAMEWORKS_FOLDER_PATH}/RealmSwift.framework",
				"${TARGET_BUILD_DIR}/${FRAMEWORKS_FOLDER_PATH}/SDWebImage.framework",
			);
			runOnlyForDeploymentPostprocessing = 0;
			shellPath = /bin/sh;
			shellScript = "\"${SRCROOT}/Pods/Target Support Files/Pods-RandomCoApp/Pods-RandomCoApp-frameworks.sh\"\n";
			showEnvVarsInLog = 0;
		};
/* End PBXShellScriptBuildPhase section */

/* Begin PBXSourcesBuildPhase section */
		94EC5A7622058A1400905893 /* Sources */ = {
			isa = PBXSourcesBuildPhase;
			buildActionMask = 2147483647;
			files = (
				94EC5A9122058F1400905893 /* Model.swift in Sources */,
				94EC5A992205AE0000905893 /* UsersTableViewController+UITableView.swift in Sources */,
				94EC5AA72205C2A400905893 /* UserDetailViewController.swift in Sources */,
				94EC5A8022058A1400905893 /* UsersTableViewController.swift in Sources */,
				94EC5AAC22064F9C00905893 /* UtilExtensions.swift in Sources */,
				94EC5ACF22070A1400905893 /* FavouriteUsersViewController.swift in Sources */,
				94EC5A7E22058A1400905893 /* AppDelegate.swift in Sources */,
				94EC5AA02205B08A00905893 /* UsersTableViewCell.swift in Sources */,
				94EC5A952205970B00905893 /* Constants.swift in Sources */,
				94EC5AA32205B60A00905893 /* DBManager.swift in Sources */,
			);
			runOnlyForDeploymentPostprocessing = 0;
		};
		94EC5ABD22066ED800905893 /* Sources */ = {
			isa = PBXSourcesBuildPhase;
			buildActionMask = 2147483647;
			files = (
				94EC5AC422066ED800905893 /* RandomCoAppUITests.swift in Sources */,
			);
			runOnlyForDeploymentPostprocessing = 0;
		};
/* End PBXSourcesBuildPhase section */

/* Begin PBXTargetDependency section */
		94EC5AC722066ED800905893 /* PBXTargetDependency */ = {
			isa = PBXTargetDependency;
			target = 94EC5A7922058A1400905893 /* RandomCoApp */;
			targetProxy = 94EC5AC622066ED800905893 /* PBXContainerItemProxy */;
		};
/* End PBXTargetDependency section */

/* Begin PBXVariantGroup section */
		94EC5A8622058A1600905893 /* LaunchScreen.storyboard */ = {
			isa = PBXVariantGroup;
			children = (
				94EC5A8722058A1600905893 /* Base */,
			);
			name = LaunchScreen.storyboard;
			sourceTree = "<group>";
		};
/* End PBXVariantGroup section */

/* Begin XCBuildConfiguration section */
		94EC5A8A22058A1600905893 /* Debug */ = {
			isa = XCBuildConfiguration;
			buildSettings = {
				ALWAYS_SEARCH_USER_PATHS = NO;
				CLANG_ANALYZER_NONNULL = YES;
				CLANG_ANALYZER_NUMBER_OBJECT_CONVERSION = YES_AGGRESSIVE;
				CLANG_CXX_LANGUAGE_STANDARD = "gnu++14";
				CLANG_CXX_LIBRARY = "libc++";
				CLANG_ENABLE_MODULES = YES;
				CLANG_ENABLE_OBJC_ARC = YES;
				CLANG_ENABLE_OBJC_WEAK = YES;
				CLANG_WARN_BLOCK_CAPTURE_AUTORELEASING = YES;
				CLANG_WARN_BOOL_CONVERSION = YES;
				CLANG_WARN_COMMA = YES;
				CLANG_WARN_CONSTANT_CONVERSION = YES;
				CLANG_WARN_DEPRECATED_OBJC_IMPLEMENTATIONS = YES;
				CLANG_WARN_DIRECT_OBJC_ISA_USAGE = YES_ERROR;
				CLANG_WARN_DOCUMENTATION_COMMENTS = YES;
				CLANG_WARN_EMPTY_BODY = YES;
				CLANG_WARN_ENUM_CONVERSION = YES;
				CLANG_WARN_INFINITE_RECURSION = YES;
				CLANG_WARN_INT_CONVERSION = YES;
				CLANG_WARN_NON_LITERAL_NULL_CONVERSION = YES;
				CLANG_WARN_OBJC_IMPLICIT_RETAIN_SELF = YES;
				CLANG_WARN_OBJC_LITERAL_CONVERSION = YES;
				CLANG_WARN_OBJC_ROOT_CLASS = YES_ERROR;
				CLANG_WARN_RANGE_LOOP_ANALYSIS = YES;
				CLANG_WARN_STRICT_PROTOTYPES = YES;
				CLANG_WARN_SUSPICIOUS_MOVE = YES;
				CLANG_WARN_UNGUARDED_AVAILABILITY = YES_AGGRESSIVE;
				CLANG_WARN_UNREACHABLE_CODE = YES;
				CLANG_WARN__DUPLICATE_METHOD_MATCH = YES;
				CODE_SIGN_IDENTITY = "iPhone Developer";
				COPY_PHASE_STRIP = NO;
				DEBUG_INFORMATION_FORMAT = dwarf;
				ENABLE_STRICT_OBJC_MSGSEND = YES;
				ENABLE_TESTABILITY = YES;
				GCC_C_LANGUAGE_STANDARD = gnu11;
				GCC_DYNAMIC_NO_PIC = NO;
				GCC_NO_COMMON_BLOCKS = YES;
				GCC_OPTIMIZATION_LEVEL = 0;
				GCC_PREPROCESSOR_DEFINITIONS = (
					"DEBUG=1",
					"$(inherited)",
				);
				GCC_WARN_64_TO_32_BIT_CONVERSION = YES;
				GCC_WARN_ABOUT_RETURN_TYPE = YES_ERROR;
				GCC_WARN_UNDECLARED_SELECTOR = YES;
				GCC_WARN_UNINITIALIZED_AUTOS = YES_AGGRESSIVE;
				GCC_WARN_UNUSED_FUNCTION = YES;
				GCC_WARN_UNUSED_VARIABLE = YES;
				IPHONEOS_DEPLOYMENT_TARGET = 12.1;
				MTL_ENABLE_DEBUG_INFO = INCLUDE_SOURCE;
				MTL_FAST_MATH = YES;
				ONLY_ACTIVE_ARCH = YES;
				SDKROOT = iphoneos;
				SWIFT_ACTIVE_COMPILATION_CONDITIONS = DEBUG;
				SWIFT_OPTIMIZATION_LEVEL = "-Onone";
			};
			name = Debug;
		};
		94EC5A8B22058A1600905893 /* Release */ = {
			isa = XCBuildConfiguration;
			buildSettings = {
				ALWAYS_SEARCH_USER_PATHS = NO;
				CLANG_ANALYZER_NONNULL = YES;
				CLANG_ANALYZER_NUMBER_OBJECT_CONVERSION = YES_AGGRESSIVE;
				CLANG_CXX_LANGUAGE_STANDARD = "gnu++14";
				CLANG_CXX_LIBRARY = "libc++";
				CLANG_ENABLE_MODULES = YES;
				CLANG_ENABLE_OBJC_ARC = YES;
				CLANG_ENABLE_OBJC_WEAK = YES;
				CLANG_WARN_BLOCK_CAPTURE_AUTORELEASING = YES;
				CLANG_WARN_BOOL_CONVERSION = YES;
				CLANG_WARN_COMMA = YES;
				CLANG_WARN_CONSTANT_CONVERSION = YES;
				CLANG_WARN_DEPRECATED_OBJC_IMPLEMENTATIONS = YES;
				CLANG_WARN_DIRECT_OBJC_ISA_USAGE = YES_ERROR;
				CLANG_WARN_DOCUMENTATION_COMMENTS = YES;
				CLANG_WARN_EMPTY_BODY = YES;
				CLANG_WARN_ENUM_CONVERSION = YES;
				CLANG_WARN_INFINITE_RECURSION = YES;
				CLANG_WARN_INT_CONVERSION = YES;
				CLANG_WARN_NON_LITERAL_NULL_CONVERSION = YES;
				CLANG_WARN_OBJC_IMPLICIT_RETAIN_SELF = YES;
				CLANG_WARN_OBJC_LITERAL_CONVERSION = YES;
				CLANG_WARN_OBJC_ROOT_CLASS = YES_ERROR;
				CLANG_WARN_RANGE_LOOP_ANALYSIS = YES;
				CLANG_WARN_STRICT_PROTOTYPES = YES;
				CLANG_WARN_SUSPICIOUS_MOVE = YES;
				CLANG_WARN_UNGUARDED_AVAILABILITY = YES_AGGRESSIVE;
				CLANG_WARN_UNREACHABLE_CODE = YES;
				CLANG_WARN__DUPLICATE_METHOD_MATCH = YES;
				CODE_SIGN_IDENTITY = "iPhone Developer";
				COPY_PHASE_STRIP = NO;
				DEBUG_INFORMATION_FORMAT = "dwarf-with-dsym";
				ENABLE_NS_ASSERTIONS = NO;
				ENABLE_STRICT_OBJC_MSGSEND = YES;
				GCC_C_LANGUAGE_STANDARD = gnu11;
				GCC_NO_COMMON_BLOCKS = YES;
				GCC_WARN_64_TO_32_BIT_CONVERSION = YES;
				GCC_WARN_ABOUT_RETURN_TYPE = YES_ERROR;
				GCC_WARN_UNDECLARED_SELECTOR = YES;
				GCC_WARN_UNINITIALIZED_AUTOS = YES_AGGRESSIVE;
				GCC_WARN_UNUSED_FUNCTION = YES;
				GCC_WARN_UNUSED_VARIABLE = YES;
				IPHONEOS_DEPLOYMENT_TARGET = 12.1;
				MTL_ENABLE_DEBUG_INFO = NO;
				MTL_FAST_MATH = YES;
				SDKROOT = iphoneos;
				SWIFT_COMPILATION_MODE = wholemodule;
				SWIFT_OPTIMIZATION_LEVEL = "-O";
				VALIDATE_PRODUCT = YES;
			};
			name = Release;
		};
		94EC5A8D22058A1600905893 /* Debug */ = {
			isa = XCBuildConfiguration;
			baseConfigurationReference = AED128EFCC70859C2B0C2DE6 /* Pods-RandomCoApp.debug.xcconfig */;
			buildSettings = {
				ASSETCATALOG_COMPILER_APPICON_NAME = AppIcon;
				CODE_SIGN_STYLE = Automatic;
				DEVELOPMENT_TEAM = ZJB52HYPRJ;
				INFOPLIST_FILE = RandomCoApp/Info.plist;
				LD_RUNPATH_SEARCH_PATHS = (
					"$(inherited)",
					"@executable_path/Frameworks",
				);
				PRODUCT_BUNDLE_IDENTIFIER = com.fjlucena.RandomCorpApp;
				PRODUCT_NAME = "$(TARGET_NAME)";
				SWIFT_VERSION = 4.2;
				TARGETED_DEVICE_FAMILY = 1;
			};
			name = Debug;
		};
		94EC5A8E22058A1600905893 /* Release */ = {
			isa = XCBuildConfiguration;
			baseConfigurationReference = 9D6923FAECCAFD3E85C2C608 /* Pods-RandomCoApp.release.xcconfig */;
			buildSettings = {
				ASSETCATALOG_COMPILER_APPICON_NAME = AppIcon;
				CODE_SIGN_STYLE = Automatic;
				DEVELOPMENT_TEAM = ZJB52HYPRJ;
				INFOPLIST_FILE = RandomCoApp/Info.plist;
				LD_RUNPATH_SEARCH_PATHS = (
					"$(inherited)",
					"@executable_path/Frameworks",
				);
				PRODUCT_BUNDLE_IDENTIFIER = com.fjlucena.RandomCorpApp;
				PRODUCT_NAME = "$(TARGET_NAME)";
				SWIFT_VERSION = 4.2;
				TARGETED_DEVICE_FAMILY = 1;
			};
			name = Release;
		};
		94EC5AC922066ED800905893 /* Debug */ = {
			isa = XCBuildConfiguration;
			buildSettings = {
				CODE_SIGN_STYLE = Automatic;
				DEVELOPMENT_TEAM = ZJB52HYPRJ;
				INFOPLIST_FILE = RandomCoAppUITests/Info.plist;
				LD_RUNPATH_SEARCH_PATHS = (
					"$(inherited)",
					"@executable_path/Frameworks",
					"@loader_path/Frameworks",
				);
				PRODUCT_BUNDLE_IDENTIFIER = com.fjlucena.RandomCoAppUITests;
				PRODUCT_NAME = "$(TARGET_NAME)";
				SWIFT_VERSION = 4.2;
				TARGETED_DEVICE_FAMILY = "1,2";
				TEST_TARGET_NAME = RandomCoApp;
			};
			name = Debug;
		};
		94EC5ACA22066ED800905893 /* Release */ = {
			isa = XCBuildConfiguration;
			buildSettings = {
				CODE_SIGN_STYLE = Automatic;
				DEVELOPMENT_TEAM = ZJB52HYPRJ;
				INFOPLIST_FILE = RandomCoAppUITests/Info.plist;
				LD_RUNPATH_SEARCH_PATHS = (
					"$(inherited)",
					"@executable_path/Frameworks",
					"@loader_path/Frameworks",
				);
				PRODUCT_BUNDLE_IDENTIFIER = com.fjlucena.RandomCoAppUITests;
				PRODUCT_NAME = "$(TARGET_NAME)";
				SWIFT_VERSION = 4.2;
				TARGETED_DEVICE_FAMILY = "1,2";
				TEST_TARGET_NAME = RandomCoApp;
			};
			name = Release;
		};
/* End XCBuildConfiguration section */

/* Begin XCConfigurationList section */
		94EC5A7522058A1400905893 /* Build configuration list for PBXProject "RandomCoApp" */ = {
			isa = XCConfigurationList;
			buildConfigurations = (
				94EC5A8A22058A1600905893 /* Debug */,
				94EC5A8B22058A1600905893 /* Release */,
			);
			defaultConfigurationIsVisible = 0;
			defaultConfigurationName = Release;
		};
		94EC5A8C22058A1600905893 /* Build configuration list for PBXNativeTarget "RandomCoApp" */ = {
			isa = XCConfigurationList;
			buildConfigurations = (
				94EC5A8D22058A1600905893 /* Debug */,
				94EC5A8E22058A1600905893 /* Release */,
			);
			defaultConfigurationIsVisible = 0;
			defaultConfigurationName = Release;
		};
		94EC5AC822066ED800905893 /* Build configuration list for PBXNativeTarget "RandomCoAppUITests" */ = {
			isa = XCConfigurationList;
			buildConfigurations = (
				94EC5AC922066ED800905893 /* Debug */,
				94EC5ACA22066ED800905893 /* Release */,
			);
			defaultConfigurationIsVisible = 0;
			defaultConfigurationName = Release;
		};
/* End XCConfigurationList section */
	};
	rootObject = 94EC5A7222058A1400905893 /* Project object */;
}
